
Microsoft Visual Studio Solution File, Format Version 12.00
# Visual Studio Version 16
VisualStudioVersion = 16.0.31019.35
MinimumVisualStudioVersion = 10.0.40219.1
Project("{9A19103F-16F7-4668-BE54-9A1E7A4F7556}") = "WebApi", "WebApi\WebApi.csproj", "{61A0624D-1213-4A1D-B594-6D9FC8630AB8}"
EndProject
Project("{9A19103F-16F7-4668-BE54-9A1E7A4F7556}") = "Domain", "Domain\Domain.csproj", "{D505E7CF-8EC8-493E-B7D5-47CD1A4BF36A}"
EndProject
Project("{9A19103F-16F7-4668-BE54-9A1E7A4F7556}") = "Domain.Tests", "Domain.Tests\Domain.Tests.csproj", "{10B53655-35C7-49BF-B10B-99A13180306D}"
EndProject
Project("{9A19103F-16F7-4668-BE54-9A1E7A4F7556}") = "Application", "Application\Application.csproj", "{C2030C7E-1440-442A-9B0F-B07AB2110F93}"
EndProject
Project("{9A19103F-16F7-4668-BE54-9A1E7A4F7556}") = "Infrastructure", "Infrastructure\Infrastructure.csproj", "{B5943E27-4B39-48D9-94E1-A2EAD2FD27FD}"
EndProject
Project("{FAE04EC0-301F-11D3-BF4B-00C04F79EFBC}") = "WebApi.IntegrationTests", "WebApi.IntegrationTests\WebApi.IntegrationTests.csproj", "{B069DC2F-A464-4CEC-B9DE-B1CF5C29F17D}"
EndProject
Global
	GlobalSection(SolutionConfigurationPlatforms) = preSolution
		Debug|Any CPU = Debug|Any CPU
		Release|Any CPU = Release|Any CPU
	EndGlobalSection
	GlobalSection(ProjectConfigurationPlatforms) = postSolution
		{61A0624D-1213-4A1D-B594-6D9FC8630AB8}.Debug|Any CPU.ActiveCfg = Debug|Any CPU
		{61A0624D-1213-4A1D-B594-6D9FC8630AB8}.Debug|Any CPU.Build.0 = Debug|Any CPU
		{61A0624D-1213-4A1D-B594-6D9FC8630AB8}.Release|Any CPU.ActiveCfg = Release|Any CPU
		{61A0624D-1213-4A1D-B594-6D9FC8630AB8}.Release|Any CPU.Build.0 = Release|Any CPU
		{D505E7CF-8EC8-493E-B7D5-47CD1A4BF36A}.Debug|Any CPU.ActiveCfg = Debug|Any CPU
		{D505E7CF-8EC8-493E-B7D5-47CD1A4BF36A}.Debug|Any CPU.Build.0 = Debug|Any CPU
		{D505E7CF-8EC8-493E-B7D5-47CD1A4BF36A}.Release|Any CPU.ActiveCfg = Release|Any CPU
		{D505E7CF-8EC8-493E-B7D5-47CD1A4BF36A}.Release|Any CPU.Build.0 = Release|Any CPU
		{10B53655-35C7-49BF-B10B-99A13180306D}.Debug|Any CPU.ActiveCfg = Debug|Any CPU
		{10B53655-35C7-49BF-B10B-99A13180306D}.Debug|Any CPU.Build.0 = Debug|Any CPU
		{10B53655-35C7-49BF-B10B-99A13180306D}.Release|Any CPU.ActiveCfg = Release|Any CPU
		{10B53655-35C7-49BF-B10B-99A13180306D}.Release|Any CPU.Build.0 = Release|Any CPU
		{C2030C7E-1440-442A-9B0F-B07AB2110F93}.Debug|Any CPU.ActiveCfg = Debug|Any CPU
		{C2030C7E-1440-442A-9B0F-B07AB2110F93}.Debug|Any CPU.Build.0 = Debug|Any CPU
		{C2030C7E-1440-442A-9B0F-B07AB2110F93}.Release|Any CPU.ActiveCfg = Release|Any CPU
		{C2030C7E-1440-442A-9B0F-B07AB2110F93}.Release|Any CPU.Build.0 = Release|Any CPU
		{B5943E27-4B39-48D9-94E1-A2EAD2FD27FD}.Debug|Any CPU.ActiveCfg = Debug|Any CPU
		{B5943E27-4B39-48D9-94E1-A2EAD2FD27FD}.Debug|Any CPU.Build.0 = Debug|Any CPU
		{B5943E27-4B39-48D9-94E1-A2EAD2FD27FD}.Release|Any CPU.ActiveCfg = Release|Any CPU
		{B5943E27-4B39-48D9-94E1-A2EAD2FD27FD}.Release|Any CPU.Build.0 = Release|Any CPU
		{B069DC2F-A464-4CEC-B9DE-B1CF5C29F17D}.Debug|Any CPU.ActiveCfg = Debug|Any CPU
		{B069DC2F-A464-4CEC-B9DE-B1CF5C29F17D}.Debug|Any CPU.Build.0 = Debug|Any CPU
		{B069DC2F-A464-4CEC-B9DE-B1CF5C29F17D}.Release|Any CPU.ActiveCfg = Release|Any CPU
		{B069DC2F-A464-4CEC-B9DE-B1CF5C29F17D}.Release|Any CPU.Build.0 = Release|Any CPU
	EndGlobalSection
	GlobalSection(SolutionProperties) = preSolution
		HideSolutionNode = FALSE
	EndGlobalSection
	GlobalSection(ExtensibilityGlobals) = postSolution
		SolutionGuid = {F438AE2B-37CF-4663-8E27-7031FA5CB8C4}
	EndGlobalSection
EndGlobal
